
Microsoft Visual Studio Solution File, Format Version 12.00
# Visual Studio 15
VisualStudioVersion = 15.0.28307.902
MinimumVisualStudioVersion = 10.0.40219.1
Project("{2150E333-8FDC-42A3-9474-1A3956D46DE8}") = "API", "API", "{F05460DD-63C9-487D-899D-7CD34F842ED6}"
EndProject
Project("{2150E333-8FDC-42A3-9474-1A3956D46DE8}") = "Domain", "Domain", "{216EDFD8-5CBE-4230-B5F0-8E909D98F698}"
EndProject
Project("{2150E333-8FDC-42A3-9474-1A3956D46DE8}") = "Application", "Application", "{A89B568C-639F-4D4D-8331-46B0DFAAE351}"
EndProject
Project("{2150E333-8FDC-42A3-9474-1A3956D46DE8}") = "Infra", "Infra", "{FE375680-36AB-4386-90AF-A701642A8735}"
EndProject
Project("{2150E333-8FDC-42A3-9474-1A3956D46DE8}") = "Presentation", "Presentation", "{071C0ABF-17D2-4142-868F-178367947B0E}"
EndProject
Project("{FAE04EC0-301F-11D3-BF4B-00C04F79EFBC}") = "ModuloAdministrador.Domain", "ModuloAdministrador.Domain\ModuloAdministrador.Domain.csproj", "{1437476E-6BE5-43C4-9ABA-4232733500A2}"
EndProject
Project("{2150E333-8FDC-42A3-9474-1A3956D46DE8}") = "CrossCutting", "CrossCutting", "{962818DA-BDCB-4568-92EB-131491C25B80}"
EndProject
Project("{2150E333-8FDC-42A3-9474-1A3956D46DE8}") = "Data", "Data", "{A5796D0C-A5D8-4EC0-A6D1-2F83ABAB453B}"
EndProject
Project("{FAE04EC0-301F-11D3-BF4B-00C04F79EFBC}") = "ModuloAdministrador.Infra.Data", "ModuloAdministrador.Infra.Data\ModuloAdministrador.Infra.Data.csproj", "{96850C0C-9992-4917-B6E5-345B94CBEE48}"
EndProject
Project("{FAE04EC0-301F-11D3-BF4B-00C04F79EFBC}") = "ModuloAdministrador.Application", "ModuloAdministrador.Application\ModuloAdministrador.Application.csproj", "{2E12CD1E-71FB-4AF8-B70F-5A3BB481FEF9}"
EndProject
Project("{FAE04EC0-301F-11D3-BF4B-00C04F79EFBC}") = "ModuloAdministrador.API", "ModuloAdministrador.API\ModuloAdministrador.API.csproj", "{53F26941-F46E-4C01-906D-B99516637937}"
EndProject
Global
	GlobalSection(SolutionConfigurationPlatforms) = preSolution
		Debug|Any CPU = Debug|Any CPU
		Release|Any CPU = Release|Any CPU
	EndGlobalSection
	GlobalSection(ProjectConfigurationPlatforms) = postSolution
		{1437476E-6BE5-43C4-9ABA-4232733500A2}.Debug|Any CPU.ActiveCfg = Debug|Any CPU
		{1437476E-6BE5-43C4-9ABA-4232733500A2}.Debug|Any CPU.Build.0 = Debug|Any CPU
		{1437476E-6BE5-43C4-9ABA-4232733500A2}.Release|Any CPU.ActiveCfg = Release|Any CPU
		{1437476E-6BE5-43C4-9ABA-4232733500A2}.Release|Any CPU.Build.0 = Release|Any CPU
		{96850C0C-9992-4917-B6E5-345B94CBEE48}.Debug|Any CPU.ActiveCfg = Debug|Any CPU
		{96850C0C-9992-4917-B6E5-345B94CBEE48}.Debug|Any CPU.Build.0 = Debug|Any CPU
		{96850C0C-9992-4917-B6E5-345B94CBEE48}.Release|Any CPU.ActiveCfg = Release|Any CPU
		{96850C0C-9992-4917-B6E5-345B94CBEE48}.Release|Any CPU.Build.0 = Release|Any CPU
		{2E12CD1E-71FB-4AF8-B70F-5A3BB481FEF9}.Debug|Any CPU.ActiveCfg = Debug|Any CPU
		{2E12CD1E-71FB-4AF8-B70F-5A3BB481FEF9}.Debug|Any CPU.Build.0 = Debug|Any CPU
		{2E12CD1E-71FB-4AF8-B70F-5A3BB481FEF9}.Release|Any CPU.ActiveCfg = Release|Any CPU
		{2E12CD1E-71FB-4AF8-B70F-5A3BB481FEF9}.Release|Any CPU.Build.0 = Release|Any CPU
		{53F26941-F46E-4C01-906D-B99516637937}.Debug|Any CPU.ActiveCfg = Debug|Any CPU
		{53F26941-F46E-4C01-906D-B99516637937}.Debug|Any CPU.Build.0 = Debug|Any CPU
		{53F26941-F46E-4C01-906D-B99516637937}.Release|Any CPU.ActiveCfg = Release|Any CPU
		{53F26941-F46E-4C01-906D-B99516637937}.Release|Any CPU.Build.0 = Release|Any CPU
	EndGlobalSection
	GlobalSection(SolutionProperties) = preSolution
		HideSolutionNode = FALSE
	EndGlobalSection
	GlobalSection(NestedProjects) = preSolution
		{1437476E-6BE5-43C4-9ABA-4232733500A2} = {216EDFD8-5CBE-4230-B5F0-8E909D98F698}
		{962818DA-BDCB-4568-92EB-131491C25B80} = {FE375680-36AB-4386-90AF-A701642A8735}
		{A5796D0C-A5D8-4EC0-A6D1-2F83ABAB453B} = {FE375680-36AB-4386-90AF-A701642A8735}
		{96850C0C-9992-4917-B6E5-345B94CBEE48} = {A5796D0C-A5D8-4EC0-A6D1-2F83ABAB453B}
		{2E12CD1E-71FB-4AF8-B70F-5A3BB481FEF9} = {A89B568C-639F-4D4D-8331-46B0DFAAE351}
		{53F26941-F46E-4C01-906D-B99516637937} = {F05460DD-63C9-487D-899D-7CD34F842ED6}
	EndGlobalSection
	GlobalSection(ExtensibilityGlobals) = postSolution
		SolutionGuid = {7B3F12F4-FFE1-4C5F-9506-75E4ED663F62}
	EndGlobalSection
EndGlobal
